github.com/aws/aws-lambda-go v1.52.0 h1:5NfiRaVl9FafUIt2Ld/Bv22kT371mfAI+l1Hd+tV7ZE=
github.com/aws/aws-lambda-go v1.52.0/go.mod h1:dpMpZgvWx5vuQJfBt0zqBha60q7Dd7RfgJv23DymV8A=
github.com/aws/aws-sdk-go-v2 v1.42.1 h1:9eOTgu1z/dVtYpNZ3/8/XbbaX0x/BqE3HUzAzs6K0ek=
github.com/aws/aws-sdk-go-v2 v1.42.1/go.mod h1:5pKeft2eJj+gElQ38Jqg4ibCqh+/AK33/0X3hip7IjM=
github.com/aws/aws-sdk-go-v2/aws/protocol/eventstream v1.7.14 h1:3IZY0XAJquT3aHzbkHfPzy4ACPcEjVG0x87KOwtpqGY=
github.com/aws/aws-sdk-go-v2/aws/protocol/eventstream v1.7.14/go.mod h1:zwM6veDkhGgQFqkBy+uT28AAYpLu+uFMlPl+rCg/73E=
github.com/aws/aws-sdk-go-v2/config v1.32.10 h1:9DMthfO6XWZYLfzZglAgW5Fyou2nRI5CuV44sTedKBI=
github.com/aws/aws-sdk-go-v2/config v1.32.10/go.mod h1:2rUIOnA2JaiqYmSKYmRJlcMWy6qTj1vuRFscppSBMcw=
github.com/aws/aws-sdk-go-v2/credentials v1.19.10 h1:EEhmEUFCE1Yhl7vDhNOI5OCL/iKMdkkYFTRpZXNw7m8=
github.com/aws/aws-sdk-go-v2/credentials v1.19.10/go.mod h1:RnnlFCAlxQCkN2Q379B67USkBMu1PipEEiibzYN5UTE=
github.com/aws/aws-sdk-go-v2/feature/ec2/imds v1.18.18 h1:Ii4s+Sq3yDfaMLpjrJsqD6SmG/Wq/P5L/hw2qa78UAY=
github.com/aws/aws-sdk-go-v2/feature/ec2/imds v1.18.18/go.mod h1:6x81qnY++ovptLE6nWQeWrpXxbnlIex+4H4eYYGcqfc=
github.com/aws/aws-sdk-go-v2/internal/configsources v1.4.30 h1:xM/Is9cKMHa8Jj8zkvWhvrFkZsXJV9E+BB4g0HW0duQ=
github.com/aws/aws-sdk-go-v2/internal/configsources v1.4.30/go.mod h1:WueJeNDZvK1fMYEWJIkcivBfEzUkTpBhzlrUKKY8EuA=
github.com/aws/aws-sdk-go-v2/internal/endpoints/v2 v2.7.30 h1:jn46zC9LdsVR/ZpMIJqMqb8hHv31BlLx3ulVqNspUOk=
github.com/aws/aws-sdk-go-v2/internal/endpoints/v2 v2.7.30/go.mod h1:1hTMsAgbdS/AtUi4bw8+gUuh1pceo+eXRLfpSuSQj3M=
github.com/aws/aws-sdk-go-v2/internal/ini v1.8.4 h1:WKuaxf++XKWlHWu9ECbMlha8WOEGm0OUEZqm4K/Gcfk=
github.com/aws/aws-sdk-go-v2/internal/ini v1.8.4/go.mod h1:ZWy7j6v1vWGmPReu0iSGvRiise4YI5SkR3OHKTZ6Wuc=
github.com/aws/aws-sdk-go-v2/internal/v4a v1.4.31 h1:3GUprIsfmGcC5SACIyB0e7E0BM1O1b3Erl5CePYIAeQ=
github.com/aws/aws-sdk-go-v2/internal/v4a v1.4.31/go.mod h1:7PuV1yl5e2xnUbm+RqvVg5i2iBM8EyijZNoI9wsOoOc=
github.com/aws/aws-sdk-go-v2/service/internal/accept-encoding v1.13.13 h1:mbRIur/BiHK6SKPjoBIXSE/hJ6g6JGRLuxQy1jGjlN4=
github.com/aws/aws-sdk-go-v2/service/internal/accept-encoding v1.13.13/go.mod h1:ITg9em2KbJx1s0y4aqRX5OYWG6HBZ5TVR//OdpEZ2CQ=
github.com/aws/aws-sdk-go-v2/service/internal/checksum v1.9.23 h1:9Fjh6fi/U5JEStVZijmaMpUwE/gvBJj7x2B/PjbO9To=
github.com/aws/aws-sdk-go-v2/service/internal/checksum v1.9.23/go.mod h1:iMoT2f1tClxrWAAnKCXjZQ6LOmfLrMG14wmnWpM+F14=
github.com/aws/aws-sdk-go-v2/service/internal/presigned-url v1.13.30 h1:/Z5jmNrKsSD7EmDjzAPsm/3L9IuOkzaynklJZ1qX7S4=
github.com/aws/aws-sdk-go-v2/service/internal/presigned-url v1.13.30/go.mod h1:lEzEZnOosE7zi8Z6royW1cFJTD9fpab4Ul1SBrllewk=
github.com/aws/aws-sdk-go-v2/service/internal/s3shared v1.19.31 h1:uao4A3QZ5UmB326V6KF+qRpv9Tjz7IlnlnTbbANntlU=
github.com/aws/aws-sdk-go-v2/service/internal/s3shared v1.19.31/go.mod h1:I/1+z0VwL1GhQyLgkoHDlygpUZ+iTAwOQ/NsftiUL2I=
github.com/aws/aws-sdk-go-v2/service/s3 v1.105.0 h1:XptwLL+UHXgafYMIHTy59IRovLbhz3znkxY2uS/pbXU=
github.com/aws/aws-sdk-go-v2/service/s3 v1.105.0/go.mod h1:zdmCoFO/dSI7GlrwsPqFJI+WlFnSU4Tc8TJnlXrM1Do=
github.com/aws/aws-sdk-go-v2/service/secretsmanager v1.41.2 h1:hezAo5AQM0moD4qitsn8bZuc2WE/MmP+cySGfJWEi1A=
github.com/aws/aws-sdk-go-v2/service/secretsmanager v1.41.2/go.mod h1:7+wvNfdX7NZtxNyVLbbS89gYldQ3H+1nlVRr7J9KQDA=
github.com/aws/aws-sdk-go-v2/service/signin v1.0.6 h1:MzORe+J94I+hYu2a6XmV5yC9huoTv8NRcCrUNedDypQ=
github.com/aws/aws-sdk-go-v2/service/signin v1.0.6/go.mod h1:hXzcHLARD7GeWnifd8j9RWqtfIgxj4/cAtIVIK7hg8g=
github.com/aws/aws-sdk-go-v2/service/sso v1.30.11 h1:7oGD8KPfBOJGXiCoRKrrrQkbvCp8N++u36hrLMPey6o=
github.com/aws/aws-sdk-go-v2/service/sso v1.30.11/go.mod h1:0DO9B5EUJQlIDif+XJRWCljZRKsAFKh3gpFz7UnDtOo=
github.com/aws/aws-sdk-go-v2/service/ssooidc v1.35.15 h1:edCcNp9eGIUDUCrzoCu1jWAXLGFIizeqkdkKgRlJwWc=
github.com/aws/aws-sdk-go-v2/service/ssooidc v1.35.15/go.mod h1:lyRQKED9xWfgkYC/wmmYfv7iVIM68Z5OQ88ZdcV1QbU=
github.com/aws/aws-sdk-go-v2/service/sts v1.41.7 h1:NITQpgo9A5NrDZ57uOWj+abvXSb83BbyggcUBVksN7c=
github.com/aws/aws-sdk-go-v2/service/sts v1.41.7/go.mod h1:sks5UWBhEuWYDPdwlnRFn1w7xWdH29Jcpe+/PJQefEs=
github.com/aws/smithy-go v1.27.3 h1:F3Zb497UhhskkfpJmfkXswyo+t0sh9OTBnIHjogWbVY=
github.com/aws/smithy-go v1.27.3/go.mod h1:YE2RhdIuDbA5E5bTdciG9KrW3+TiEONeUWCqxX9i1Fc=
github.com/davecgh/go-spew v1.1.1 h1:vj9j/u1bqnvCEfJOwUhtlOARqs3+rkHYY13jYWTU97c=
github.com/davecgh/go-spew v1.1.1/go.mod h1:J7Y8YcW2NihsgmVo/mv3lAwl/skON4iLHjSsI+c5H38=
github.com/dsnet/compress v0.0.1 h1:PlZu0n3Tuv04TzpfPbrnI0HW/YwodEXDS+oPKahKF0Q=
github.com/dsnet/compress v0.0.1/go.mod h1:Aw8dCMJ7RioblQeTqt88akK31OvO8Dhf5JflhBbQEHo=
github.com/dsnet/golib v0.0.0-20171103203638-1ea166775780/go.mod h1:Lj+Z9rebOhdfkVLjJ8T6VcRQv3SXugXy999NBtR9aFY=
github.com/fatih/color v1.16.0 h1:zmkK9Ngbjj+K0yRhTVONQh1p/HknKYSlNT+vZCzyokM=
github.com/fatih/color v1.16.0/go.mod h1:fL2Sau1YI5c0pdGEVCbKQbLXB6edEj1ZgiY4NijnWvE=
github.com/google/go-cmp v0.6.0 h1:ofyhxvXcZhMsU5ulbFiLKl/XBFqE1GSq7atu8tAmTRI=
github.com/google/go-cmp v0.6.0/go.mod h1:17dUlkBOakJ0+DkrSSNjCkIjxS6bF9zb3elmeNGIjoY=
github.com/google/go-querystring v1.2.0 h1:yhqkPbu2/OH+V9BfpCVPZkNmUXhb2gBxJArfhIxNtP0=
github.com/google/go-querystring v1.2.0/go.mod h1:8IFJqpSRITyJ8QhQ13bmbeMBDfmeEJZD5A0egEOmkqU=
github.com/hashicorp/go-cleanhttp v0.5.2 h1:035FKYIWjmULyFRBKPs8TBQoi0x6d9G4xc9neXJWAZQ=
github.com/hashicorp/go-cleanhttp v0.5.2/go.mod h1:kO/YDlP8L1346E6Sodw+PrpBSV4/SoxCXGY6BqNFT48=
github.com/hashicorp/go-hclog v1.6.3 h1:Qr2kF+eVWjTiYmU7Y31tYlP1h0q/X3Nl3tPGdaB11/k=
github.com/hashicorp/go-hclog v1.6.3/go.mod h1:W4Qnvbt70Wk/zYJryRzDRU/4r0kIg0PVHBcfoyhpF5M=
github.com/hashicorp/go-retryablehttp v0.7.8 h1:ylXZWnqa7Lhqpk0L1P1LzDtGcCR0rPVUrx/c8Unxc48=
github.com/hashicorp/go-retryablehttp v0.7.8/go.mod h1:rjiScheydd+CxvumBsIrFKlx3iS0jrZ7LvzFGFmuKbw=
github.com/klauspost/compress v1.4.1/go.mod h1:RyIbtBH6LamlWaDj8nUwkbUhJ87Yi3uG0guNDohfE1A=
github.com/klauspost/cpuid v1.2.0/go.mod h1:Pj4uuM528wm8OyEC2QMXAi2YiTZ96dNQPGgoMS4s3ek=
github.com/kr/text v0.2.0 h1:5Nx0Ya0ZqY2ygV366QzturHI13Jq95ApcVaJBhpS+AY=
github.com/kr/text v0.2.0/go.mod h1:eLer722TekiGuMkidMxC/pM04lWEeraHUUmBw8l2grE=
github.com/mattn/go-colorable v0.1.13 h1:fFA4WZxdEF4tXPZVKMLwD8oUnCTTo08duU7wxecdEvA=
github.com/mattn/go-colorable v0.1.13/go.mod h1:7S9/ev0klgBDR4GtXTXX8a3vIGJpMovkB8vQcUbaXHg=
github.com/mattn/go-isatty v0.0.20 h1:xfD0iDuEKnDkl03q4limB+vH+GxLEtL/jb4xVJSWWEY=
github.com/mattn/go-isatty v0.0.20/go.mod h1:W+V8PltTTMOvKvAeJH7IuucS94S2C6jfK/D7dTCTo3Y=
github.com/newrelic/newrelic-client-go/v2 v2.86.1 h1:B9hpEyRU6t70lnlNV6bO0wF9nvGw660fjFoAk28NdCs=
github.com/newrelic/newrelic-client-go/v2 v2.86.1/go.mod h1:kROngr/zeNyxbdOI3zPK4Al+ze32XjLEVUDzjxsKW9g=
github.com/niemeyer/pretty v0.0.0-20200227124842-a10e7caefd8e h1:fD57ERR4JtEqsWbfPhv4DMiApHyliiK5xCTNVSPiaAs=
github.com/niemeyer/pretty v0.0.0-20200227124842-a10e7caefd8e/go.mod h1:zD1mROLANZcx1PVRCS0qkT7pwLkGfwJo4zjcN/Tysno=
github.com/pmezard/go-difflib v1.0.0 h1:4DBwDE0NGyQoBHbLQYPwSUPoCMWR5BEzIk/f1lZbAQM=
github.com/pmezard/go-difflib v1.0.0/go.mod h1:iKH77koFhYxTK1pcRnkKkqfTogsbg7gZNVY4sRDYZ/4=
github.com/sirupsen/logrus v1.9.4 h1:TsZE7l11zFCLZnZ+teH4Umoq5BhEIfIzfRDZ1Uzql2w=
github.com/sirupsen/logrus v1.9.4/go.mod h1:ftWc9WdOfJ0a92nsE2jF5u5ZwH8Bv2zdeOC42RjbV2g=
github.com/stretchr/objx v0.5.2 h1:xuMeJ0Sdp5ZMRXx/aWO6RZxdr3beISkG5/G/aIRr3pY=
github.com/stretchr/objx v0.5.2/go.mod h1:FRsXN1f5AsAjCGJKqEizvkpNtU+EGNCLh3NxZ/8L+MA=
github.com/stretchr/testify v1.11.1 h1:7s2iGBzp5EwR7/aIZr8ao5+dra3wiQyKjjFuvgVKu7U=
github.com/stretchr/testify v1.11.1/go.mod h1:wZwfW3scLgRK+23gO65QZefKpKQRnfz6sD981Nm4B6U=
github.com/tomnomnom/linkheader v0.0.0-20250811210735-e5fe3b51442e h1:tD38/4xg4nuQCASJ/JxcvCHNb46w0cdAaJfkzQOO1bA=
github.com/tomnomnom/linkheader v0.0.0-20250811210735-e5fe3b51442e/go.mod h1:krvJ5AY/MjdPkTeRgMYbIDhbbbVvnPQPzsIsDJO8xrY=
github.com/ulikunitz/xz v0.5.6/go.mod h1:2bypXElzHzzJZwzH67Y6wb67pO62Rzfn7BSiF4ABRW8=
github.com/valyala/fastjson v1.6.10 h1:/yjJg8jaVQdYR3arGxPE2X5z89xrlhS0eGXdv+ADTh4=
github.com/valyala/fastjson v1.6.10/go.mod h1:e6FubmQouUNP73jtMLmcbxS6ydWIpOfhz34TSfO3JaE=
golang.org/x/sys v0.41.0 h1:Ivj+2Cp/ylzLiEU89QhWblYnOE9zerudt9Ftecq2C6k=
golang.org/x/sys v0.41.0/go.mod h1:OgkHotnGiDImocRcuBABYBEXf8A9a87e/uXjp9XT3ks=
gopkg.in/check.v1 v0.0.0-20161208181325-20d25e280405/go.mod h1:Co6ibVJAznAaIkqp8huTwlJQCZ016jof/cbN4VW5Yz0=
gopkg.in/check.v1 v1.0.0-20200227125254-8fa46927fb4f h1:BLraFXnmrev5lT+xlilqcH8XK9/i0At2xKjWk4p6zsU=
gopkg.in/check.v1 v1.0.0-20200227125254-8fa46927fb4f/go.mod h1:Co6ibVJAznAaIkqp8huTwlJQCZ016jof/cbN4VW5Yz0=
gopkg.in/yaml.v3 v3.0.1 h1:fxVm/GzAzEWqLHuvctI91KS9hhNmmWOoWu0XTYJS7CA=
gopkg.in/yaml.v3 v3.0.1/go.mod h1:K4uyk7z7BCEPqu6E+C64Yfv1cQ7kz7rIZviUmN+EgEM=
